
Microsoft Visual Studio Solution File, Format Version 12.00
# Visual Studio Version 17
VisualStudioVersion = 17.10.35027.167
MinimumVisualStudioVersion = 10.0.40219.1
Project("{FAE04EC0-301F-11D3-BF4B-00C04F79EFBC}") = "CosmeticcShop", "CosmeticcShop\CosmeticcShop.csproj", "{F8BA9F03-B21A-487F-9DB6-D5AE1EE533BC}"
EndProject
Global
	GlobalSection(SolutionConfigurationPlatforms) = preSolution
		Debug|Any CPU = Debug|Any CPU
		Release|Any CPU = Release|Any CPU
	EndGlobalSection
	GlobalSection(ProjectConfigurationPlatforms) = postSolution
		{F8BA9F03-B21A-487F-9DB6-D5AE1EE533BC}.Debug|Any CPU.ActiveCfg = Debug|Any CPU
		{F8BA9F03-B21A-487F-9DB6-D5AE1EE533BC}.Debug|Any CPU.Build.0 = Debug|Any CPU
		{F8BA9F03-B21A-487F-9DB6-D5AE1EE533BC}.Release|Any CPU.ActiveCfg = Release|Any CPU
		{F8BA9F03-B21A-487F-9DB6-D5AE1EE533BC}.Release|Any CPU.Build.0 = Release|Any CPU
	EndGlobalSection
	GlobalSection(SolutionProperties) = preSolution
		HideSolutionNode = FALSE
	EndGlobalSection
	GlobalSection(ExtensibilityGlobals) = postSolution
		SolutionGuid = {326BE74D-A0D0-41AE-93CA-DB16CA939557}
	EndGlobalSection
EndGlobal
